
Microsoft Visual Studio Solution File, Format Version 12.00
# Visual Studio 15
VisualStudioVersion = 15.0.27703.2035
MinimumVisualStudioVersion = 10.0.40219.1
Project("{9A19103F-16F7-4668-BE54-9A1E7A4F7556}") = "PizzaShop.Library", "PizzaShop.Library\PizzaShop.Library.csproj", "{3304AF0C-B0F3-4CB1-9AC7-BE0AB8A08576}"
EndProject
Project("{9A19103F-16F7-4668-BE54-9A1E7A4F7556}") = "PizzaShop.UI", "PizzaShop.UI\PizzaShop.UI.csproj", "{E42FA5E9-A94F-4C6A-A4BA-3AB9322C7029}"
EndProject
Project("{9A19103F-16F7-4668-BE54-9A1E7A4F7556}") = "PizzaShop.Testing", "PizzaShop.Testing\PizzaShop.Testing.csproj", "{38DF3928-4310-49B8-8D62-D1287474A96D}"
EndProject
Project("{9A19103F-16F7-4668-BE54-9A1E7A4F7556}") = "PizzaShop.Data", "PizzaShop.Data\PizzaShop.Data.csproj", "{E81F4662-1E79-45C7-B59A-C796015FE5E2}"
EndProject
Project("{FAE04EC0-301F-11D3-BF4B-00C04F79EFBC}") = "PizzaShop.WebApp", "PizzaShop.WebApp\PizzaShop.WebApp.csproj", "{AD1BC488-BBB6-40FB-B073-BB4CB16384F9}"
EndProject
Global
	GlobalSection(SolutionConfigurationPlatforms) = preSolution
		Debug|Any CPU = Debug|Any CPU
		Release|Any CPU = Release|Any CPU
	EndGlobalSection
	GlobalSection(ProjectConfigurationPlatforms) = postSolution
		{3304AF0C-B0F3-4CB1-9AC7-BE0AB8A08576}.Debug|Any CPU.ActiveCfg = Debug|Any CPU
		{3304AF0C-B0F3-4CB1-9AC7-BE0AB8A08576}.Debug|Any CPU.Build.0 = Debug|Any CPU
		{3304AF0C-B0F3-4CB1-9AC7-BE0AB8A08576}.Release|Any CPU.ActiveCfg = Release|Any CPU
		{3304AF0C-B0F3-4CB1-9AC7-BE0AB8A08576}.Release|Any CPU.Build.0 = Release|Any CPU
		{E42FA5E9-A94F-4C6A-A4BA-3AB9322C7029}.Debug|Any CPU.ActiveCfg = Debug|Any CPU
		{E42FA5E9-A94F-4C6A-A4BA-3AB9322C7029}.Debug|Any CPU.Build.0 = Debug|Any CPU
		{E42FA5E9-A94F-4C6A-A4BA-3AB9322C7029}.Release|Any CPU.ActiveCfg = Release|Any CPU
		{E42FA5E9-A94F-4C6A-A4BA-3AB9322C7029}.Release|Any CPU.Build.0 = Release|Any CPU
		{38DF3928-4310-49B8-8D62-D1287474A96D}.Debug|Any CPU.ActiveCfg = Debug|Any CPU
		{38DF3928-4310-49B8-8D62-D1287474A96D}.Debug|Any CPU.Build.0 = Debug|Any CPU
		{38DF3928-4310-49B8-8D62-D1287474A96D}.Release|Any CPU.ActiveCfg = Release|Any CPU
		{38DF3928-4310-49B8-8D62-D1287474A96D}.Release|Any CPU.Build.0 = Release|Any CPU
		{E81F4662-1E79-45C7-B59A-C796015FE5E2}.Debug|Any CPU.ActiveCfg = Debug|Any CPU
		{E81F4662-1E79-45C7-B59A-C796015FE5E2}.Debug|Any CPU.Build.0 = Debug|Any CPU
		{E81F4662-1E79-45C7-B59A-C796015FE5E2}.Release|Any CPU.ActiveCfg = Release|Any CPU
		{E81F4662-1E79-45C7-B59A-C796015FE5E2}.Release|Any CPU.Build.0 = Release|Any CPU
		{AD1BC488-BBB6-40FB-B073-BB4CB16384F9}.Debug|Any CPU.ActiveCfg = Debug|Any CPU
		{AD1BC488-BBB6-40FB-B073-BB4CB16384F9}.Debug|Any CPU.Build.0 = Debug|Any CPU
		{AD1BC488-BBB6-40FB-B073-BB4CB16384F9}.Release|Any CPU.ActiveCfg = Release|Any CPU
		{AD1BC488-BBB6-40FB-B073-BB4CB16384F9}.Release|Any CPU.Build.0 = Release|Any CPU
	EndGlobalSection
	GlobalSection(SolutionProperties) = preSolution
		HideSolutionNode = FALSE
	EndGlobalSection
	GlobalSection(ExtensibilityGlobals) = postSolution
		SolutionGuid = {37AFA8BB-D2CC-48D0-8335-BCEDF10BCEE5}
	EndGlobalSection
EndGlobal
